
Microsoft Visual Studio Solution File, Format Version 12.00
# Visual Studio Version 17
VisualStudioVersion = 17.2.32516.85
MinimumVisualStudioVersion = 10.0.40219.1
Project("{8BC9CEB8-8B4A-11D0-8D11-00A0C91BC942}") = "Modified sarahaa GUI", "Modified sarahaa GUI\Modified sarahaa GUI.vcxproj", "{CFBAD79D-0ECA-4B6F-9832-90A18A695E9F}"
EndProject
Global
	GlobalSection(SolutionConfigurationPlatforms) = preSolution
		Debug|x64 = Debug|x64
		Debug|x86 = Debug|x86
		Release|x64 = Release|x64
		Release|x86 = Release|x86
	EndGlobalSection
	GlobalSection(ProjectConfigurationPlatforms) = postSolution
		{CFBAD79D-0ECA-4B6F-9832-90A18A695E9F}.Debug|x64.ActiveCfg = Debug|x64
		{CFBAD79D-0ECA-4B6F-9832-90A18A695E9F}.Debug|x64.Build.0 = Debug|x64
		{CFBAD79D-0ECA-4B6F-9832-90A18A695E9F}.Debug|x86.ActiveCfg = Debug|Win32
		{CFBAD79D-0ECA-4B6F-9832-90A18A695E9F}.Debug|x86.Build.0 = Debug|Win32
		{CFBAD79D-0ECA-4B6F-9832-90A18A695E9F}.Release|x64.ActiveCfg = Release|x64
		{CFBAD79D-0ECA-4B6F-9832-90A18A695E9F}.Release|x64.Build.0 = Release|x64
		{CFBAD79D-0ECA-4B6F-9832-90A18A695E9F}.Release|x86.ActiveCfg = Release|Win32
		{CFBAD79D-0ECA-4B6F-9832-90A18A695E9F}.Release|x86.Build.0 = Release|Win32
	EndGlobalSection
	GlobalSection(SolutionProperties) = preSolution
		HideSolutionNode = FALSE
	EndGlobalSection
	GlobalSection(ExtensibilityGlobals) = postSolution
		SolutionGuid = {B195EE1C-9023-44A6-AAB9-B4702F7B7ED4}
	EndGlobalSection
EndGlobal
